{
  "name": "docket",
  "version": "0.1.0",
  "lockfileVersion": 3,
  "requires": true,
  "packages": {
    "": {
      "name": "docket",
      "version": "0.1.0",
      "devDependencies": {
        "vite": "^5.4.0"
      }
    },
    "node_modules/@esbuild/linux-x64": {
      "version": "0.21.5",
      "resolved": "https://registry.npmjs.org/@esbuild/linux-x64/-/linux-x64-0.21.5.tgz",
      "integrity": "sha512-1rYdTpyv03iycF1+BhzrzQJCdOuAOtaqHTWJZCWvijKD2N5Xu0TtVC8/+1faWqcP9iBCWOmjmhoH94dH82BxA==",
      "cpu": ["x64"],
      "dev": true,
      "optional": true,
      "os": ["linux"],
      "engines": {
        "node": ">=12"
      }
    },
    "node_modules/vite": {
      "version": "5.4.19",
      "resolved": "https://registry.npmjs.org/vite/-/vite-5.4.19.tgz",
      "integrity": "sha512-v4SuPoZFaBpFi8DwD/tJcKuxKBZGGTHCBpjI4jbULjDioAFoN5+QAKuWKRMgL5MhJdHEDfy7mPBzYMTh3eLYQ==",
      "dev": true,
      "bin": {
        "vite": "bin/vite.js"
      },
      "engines": {
        "node": "^18.0.0 || >=20.0.0"
      },
      "optionalDependencies": {
        "@esbuild/linux-x64": "0.21.5"
      }
    }
  }
}
